
Microsoft Visual Studio Solution File, Format Version 12.00
Project("{F2A71F9B-5D33-465A-A702-920D77279786}") = "RoundingWorkflow", "RoundingWorkflow\RoundingWorkflow.fsproj", "{41923F14-1011-42C6-9423-5193AE90697C}"
EndProject
Project("{F2A71F9B-5D33-465A-A702-920D77279786}") = "RoundingWorkflow.Tests", "RoundingWorkflow.Tests\RoundingWorkflow.Tests.fsproj", "{ABDC0F0C-D5BC-4AE5-BB09-AA568A753D59}"
EndProject
Global
	GlobalSection(SolutionConfigurationPlatforms) = preSolution
		Debug|Any CPU = Debug|Any CPU
		Release|Any CPU = Release|Any CPU
	EndGlobalSection
	GlobalSection(ProjectConfigurationPlatforms) = postSolution
		{41923F14-1011-42C6-9423-5193AE90697C}.Debug|Any CPU.ActiveCfg = Debug|Any CPU
		{41923F14-1011-42C6-9423-5193AE90697C}.Debug|Any CPU.Build.0 = Debug|Any CPU
		{41923F14-1011-42C6-9423-5193AE90697C}.Release|Any CPU.ActiveCfg = Release|Any CPU
		{41923F14-1011-42C6-9423-5193AE90697C}.Release|Any CPU.Build.0 = Release|Any CPU
		{ABDC0F0C-D5BC-4AE5-BB09-AA568A753D59}.Debug|Any CPU.ActiveCfg = Debug|Any CPU
		{ABDC0F0C-D5BC-4AE5-BB09-AA568A753D59}.Debug|Any CPU.Build.0 = Debug|Any CPU
		{ABDC0F0C-D5BC-4AE5-BB09-AA568A753D59}.Release|Any CPU.ActiveCfg = Release|Any CPU
		{ABDC0F0C-D5BC-4AE5-BB09-AA568A753D59}.Release|Any CPU.Build.0 = Release|Any CPU
	EndGlobalSection
EndGlobal
