
Microsoft Visual Studio Solution File, Format Version 12.00
Project("{F2A71F9B-5D33-465A-A702-920D77279786}") = "LambdaInterpreter", "LambdaInterpreter\LambdaInterpreter.fsproj", "{44E77327-6370-449C-AA65-0954BDFB2021}"
EndProject
Project("{F2A71F9B-5D33-465A-A702-920D77279786}") = "LambdaInterpreter.Tests", "LambdaInterpreter.Tests\LambdaInterpreter.Tests.fsproj", "{78F1D8EB-A68C-4B5B-88C6-B8476BAB44F0}"
EndProject
Global
	GlobalSection(SolutionConfigurationPlatforms) = preSolution
		Debug|Any CPU = Debug|Any CPU
		Release|Any CPU = Release|Any CPU
	EndGlobalSection
	GlobalSection(ProjectConfigurationPlatforms) = postSolution
		{44E77327-6370-449C-AA65-0954BDFB2021}.Debug|Any CPU.ActiveCfg = Debug|Any CPU
		{44E77327-6370-449C-AA65-0954BDFB2021}.Debug|Any CPU.Build.0 = Debug|Any CPU
		{44E77327-6370-449C-AA65-0954BDFB2021}.Release|Any CPU.ActiveCfg = Release|Any CPU
		{44E77327-6370-449C-AA65-0954BDFB2021}.Release|Any CPU.Build.0 = Release|Any CPU
		{78F1D8EB-A68C-4B5B-88C6-B8476BAB44F0}.Debug|Any CPU.ActiveCfg = Debug|Any CPU
		{78F1D8EB-A68C-4B5B-88C6-B8476BAB44F0}.Debug|Any CPU.Build.0 = Debug|Any CPU
		{78F1D8EB-A68C-4B5B-88C6-B8476BAB44F0}.Release|Any CPU.ActiveCfg = Release|Any CPU
		{78F1D8EB-A68C-4B5B-88C6-B8476BAB44F0}.Release|Any CPU.Build.0 = Release|Any CPU
	EndGlobalSection
EndGlobal
