
Microsoft Visual Studio Solution File, Format Version 12.00
Project("{F2A71F9B-5D33-465A-A702-920D77279786}") = "MiniCrawler", "MiniCrawler\MiniCrawler.fsproj", "{EF2293F0-DBA9-489E-B4F5-1B7D975F7106}"
EndProject
Global
	GlobalSection(SolutionConfigurationPlatforms) = preSolution
		Debug|Any CPU = Debug|Any CPU
		Release|Any CPU = Release|Any CPU
	EndGlobalSection
	GlobalSection(ProjectConfigurationPlatforms) = postSolution
		{EF2293F0-DBA9-489E-B4F5-1B7D975F7106}.Debug|Any CPU.ActiveCfg = Debug|Any CPU
		{EF2293F0-DBA9-489E-B4F5-1B7D975F7106}.Debug|Any CPU.Build.0 = Debug|Any CPU
		{EF2293F0-DBA9-489E-B4F5-1B7D975F7106}.Release|Any CPU.ActiveCfg = Release|Any CPU
		{EF2293F0-DBA9-489E-B4F5-1B7D975F7106}.Release|Any CPU.Build.0 = Release|Any CPU
	EndGlobalSection
EndGlobal
