
Microsoft Visual Studio Solution File, Format Version 12.00
Project("{F2A71F9B-5D33-465A-A702-920D77279786}") = "Fibonacci", "Fibonacci\Fibonacci.fsproj", "{43A345F1-82A6-483B-B458-5B29FFDFE586}"
EndProject
Project("{F2A71F9B-5D33-465A-A702-920D77279786}") = "Fibonacci.Tests", "Fibonacci.Tests\Fibonacci.Tests.fsproj", "{4DC16B6F-8C01-4363-81FD-C0DBC9CAAF2C}"
EndProject
Global
	GlobalSection(SolutionConfigurationPlatforms) = preSolution
		Debug|Any CPU = Debug|Any CPU
		Release|Any CPU = Release|Any CPU
	EndGlobalSection
	GlobalSection(ProjectConfigurationPlatforms) = postSolution
		{43A345F1-82A6-483B-B458-5B29FFDFE586}.Debug|Any CPU.ActiveCfg = Debug|Any CPU
		{43A345F1-82A6-483B-B458-5B29FFDFE586}.Debug|Any CPU.Build.0 = Debug|Any CPU
		{43A345F1-82A6-483B-B458-5B29FFDFE586}.Release|Any CPU.ActiveCfg = Release|Any CPU
		{43A345F1-82A6-483B-B458-5B29FFDFE586}.Release|Any CPU.Build.0 = Release|Any CPU
		{4DC16B6F-8C01-4363-81FD-C0DBC9CAAF2C}.Debug|Any CPU.ActiveCfg = Debug|Any CPU
		{4DC16B6F-8C01-4363-81FD-C0DBC9CAAF2C}.Debug|Any CPU.Build.0 = Debug|Any CPU
		{4DC16B6F-8C01-4363-81FD-C0DBC9CAAF2C}.Release|Any CPU.ActiveCfg = Release|Any CPU
		{4DC16B6F-8C01-4363-81FD-C0DBC9CAAF2C}.Release|Any CPU.Build.0 = Release|Any CPU
	EndGlobalSection
EndGlobal
