
Microsoft Visual Studio Solution File, Format Version 12.00
Project("{F2A71F9B-5D33-465A-A702-920D77279786}") = "Parser", "Parser\Parser.fsproj", "{F00676EB-4F36-4B8C-BDD1-0CAEFBEEE713}"
EndProject
Project("{F2A71F9B-5D33-465A-A702-920D77279786}") = "Parser.Tests", "Parser.Tests\Parser.Tests.fsproj", "{4CDD0B2C-4D8E-4778-BACF-550AED0E84FB}"
EndProject
Global
	GlobalSection(SolutionConfigurationPlatforms) = preSolution
		Debug|Any CPU = Debug|Any CPU
		Release|Any CPU = Release|Any CPU
	EndGlobalSection
	GlobalSection(ProjectConfigurationPlatforms) = postSolution
		{F00676EB-4F36-4B8C-BDD1-0CAEFBEEE713}.Debug|Any CPU.ActiveCfg = Debug|Any CPU
		{F00676EB-4F36-4B8C-BDD1-0CAEFBEEE713}.Debug|Any CPU.Build.0 = Debug|Any CPU
		{F00676EB-4F36-4B8C-BDD1-0CAEFBEEE713}.Release|Any CPU.ActiveCfg = Release|Any CPU
		{F00676EB-4F36-4B8C-BDD1-0CAEFBEEE713}.Release|Any CPU.Build.0 = Release|Any CPU
		{4CDD0B2C-4D8E-4778-BACF-550AED0E84FB}.Debug|Any CPU.ActiveCfg = Debug|Any CPU
		{4CDD0B2C-4D8E-4778-BACF-550AED0E84FB}.Debug|Any CPU.Build.0 = Debug|Any CPU
		{4CDD0B2C-4D8E-4778-BACF-550AED0E84FB}.Release|Any CPU.ActiveCfg = Release|Any CPU
		{4CDD0B2C-4D8E-4778-BACF-550AED0E84FB}.Release|Any CPU.Build.0 = Release|Any CPU
	EndGlobalSection
EndGlobal
