
Microsoft Visual Studio Solution File, Format Version 12.00
Project("{F2A71F9B-5D33-465A-A702-920D77279786}") = "PhoneBook", "PhoneBook\PhoneBook.fsproj", "{C017A934-2226-4C03-A425-892F8EA7BAB5}"
EndProject
Project("{F2A71F9B-5D33-465A-A702-920D77279786}") = "PhoneBook.Tests", "PhoneBook.Tests\PhoneBook.Tests.fsproj", "{8BC52DF2-81A5-4AED-84BF-33CA5F815869}"
EndProject
Global
	GlobalSection(SolutionConfigurationPlatforms) = preSolution
		Debug|Any CPU = Debug|Any CPU
		Release|Any CPU = Release|Any CPU
	EndGlobalSection
	GlobalSection(ProjectConfigurationPlatforms) = postSolution
		{C017A934-2226-4C03-A425-892F8EA7BAB5}.Debug|Any CPU.ActiveCfg = Debug|Any CPU
		{C017A934-2226-4C03-A425-892F8EA7BAB5}.Debug|Any CPU.Build.0 = Debug|Any CPU
		{C017A934-2226-4C03-A425-892F8EA7BAB5}.Release|Any CPU.ActiveCfg = Release|Any CPU
		{C017A934-2226-4C03-A425-892F8EA7BAB5}.Release|Any CPU.Build.0 = Release|Any CPU
		{8BC52DF2-81A5-4AED-84BF-33CA5F815869}.Debug|Any CPU.ActiveCfg = Debug|Any CPU
		{8BC52DF2-81A5-4AED-84BF-33CA5F815869}.Debug|Any CPU.Build.0 = Debug|Any CPU
		{8BC52DF2-81A5-4AED-84BF-33CA5F815869}.Release|Any CPU.ActiveCfg = Release|Any CPU
		{8BC52DF2-81A5-4AED-84BF-33CA5F815869}.Release|Any CPU.Build.0 = Release|Any CPU
	EndGlobalSection
EndGlobal
