
Microsoft Visual Studio Solution File, Format Version 12.00
Project("{F2A71F9B-5D33-465A-A702-920D77279786}") = "PrimeNumbers", "PrimeNumbers\PrimeNumbers.fsproj", "{6799CEC3-28F9-4F92-817D-8B08D23815CC}"
EndProject
Project("{F2A71F9B-5D33-465A-A702-920D77279786}") = "PrimeNumbers.Tests", "PrimeNumbers.Tests\PrimeNumbers.Tests.fsproj", "{5153B602-9761-43AE-8AF7-D2815C889F1E}"
EndProject
Global
	GlobalSection(SolutionConfigurationPlatforms) = preSolution
		Debug|Any CPU = Debug|Any CPU
		Release|Any CPU = Release|Any CPU
	EndGlobalSection
	GlobalSection(ProjectConfigurationPlatforms) = postSolution
		{6799CEC3-28F9-4F92-817D-8B08D23815CC}.Debug|Any CPU.ActiveCfg = Debug|Any CPU
		{6799CEC3-28F9-4F92-817D-8B08D23815CC}.Debug|Any CPU.Build.0 = Debug|Any CPU
		{6799CEC3-28F9-4F92-817D-8B08D23815CC}.Release|Any CPU.ActiveCfg = Release|Any CPU
		{6799CEC3-28F9-4F92-817D-8B08D23815CC}.Release|Any CPU.Build.0 = Release|Any CPU
		{5153B602-9761-43AE-8AF7-D2815C889F1E}.Debug|Any CPU.ActiveCfg = Debug|Any CPU
		{5153B602-9761-43AE-8AF7-D2815C889F1E}.Debug|Any CPU.Build.0 = Debug|Any CPU
		{5153B602-9761-43AE-8AF7-D2815C889F1E}.Release|Any CPU.ActiveCfg = Release|Any CPU
		{5153B602-9761-43AE-8AF7-D2815C889F1E}.Release|Any CPU.Build.0 = Release|Any CPU
	EndGlobalSection
EndGlobal
